
Microsoft Visual Studio Solution File, Format Version 12.00
# Visual Studio Version 16
VisualStudioVersion = 16.0.29306.81
MinimumVisualStudioVersion = 10.0.40219.1
Project("{FAE04EC0-301F-11D3-BF4B-00C04F79EFBC}") = "CourseWork2", "CourseWork2\CourseWork2.csproj", "{AC8A3BCB-5C87-4313-AD50-AB50D87ECCB0}"
EndProject
Global
	GlobalSection(SolutionConfigurationPlatforms) = preSolution
		Debug|Any CPU = Debug|Any CPU
		Release|Any CPU = Release|Any CPU
	EndGlobalSection
	GlobalSection(ProjectConfigurationPlatforms) = postSolution
		{AC8A3BCB-5C87-4313-AD50-AB50D87ECCB0}.Debug|Any CPU.ActiveCfg = Debug|Any CPU
		{AC8A3BCB-5C87-4313-AD50-AB50D87ECCB0}.Debug|Any CPU.Build.0 = Debug|Any CPU
		{AC8A3BCB-5C87-4313-AD50-AB50D87ECCB0}.Release|Any CPU.ActiveCfg = Release|Any CPU
		{AC8A3BCB-5C87-4313-AD50-AB50D87ECCB0}.Release|Any CPU.Build.0 = Release|Any CPU
	EndGlobalSection
	GlobalSection(SolutionProperties) = preSolution
		HideSolutionNode = FALSE
	EndGlobalSection
	GlobalSection(ExtensibilityGlobals) = postSolution
		SolutionGuid = {D8DCBC99-3496-4D09-A2FA-9D6D77FA4F24}
	EndGlobalSection
EndGlobal
